
Microsoft Visual Studio Solution File, Format Version 12.00
# Visual Studio Version 17
VisualStudioVersion = 17.3.32929.385
MinimumVisualStudioVersion = 10.0.40219.1
Project("{FAE04EC0-301F-11D3-BF4B-00C04F79EFBC}") = "OpenApiParser", "OpenApiParser\OpenApiParser.csproj", "{8FA27744-BF96-42CD-B023-3CBB7686301D}"
EndProject
Global
	GlobalSection(SolutionConfigurationPlatforms) = preSolution
		Debug|Any CPU = Debug|Any CPU
		Release|Any CPU = Release|Any CPU
	EndGlobalSection
	GlobalSection(ProjectConfigurationPlatforms) = postSolution
		{8FA27744-BF96-42CD-B023-3CBB7686301D}.Debug|Any CPU.ActiveCfg = Debug|Any CPU
		{8FA27744-BF96-42CD-B023-3CBB7686301D}.Debug|Any CPU.Build.0 = Debug|Any CPU
		{8FA27744-BF96-42CD-B023-3CBB7686301D}.Release|Any CPU.ActiveCfg = Release|Any CPU
		{8FA27744-BF96-42CD-B023-3CBB7686301D}.Release|Any CPU.Build.0 = Release|Any CPU
	EndGlobalSection
	GlobalSection(SolutionProperties) = preSolution
		HideSolutionNode = FALSE
	EndGlobalSection
	GlobalSection(ExtensibilityGlobals) = postSolution
		SolutionGuid = {4DAE2D4D-1B4E-46ED-8BDF-9EB1CF28B81A}
	EndGlobalSection
EndGlobal
